// !$*UTF8*$!
{
	archiveVersion = 1;
	classes = {
	};
	objectVersion = 50;
	objects = {

/* Begin PBXBuildFile section */
		AB3E64FD261B087200FFE047 /* AppDelegate.swift in Sources */ = {isa = PBXBuildFile; fileRef = AB3E64FC261B087200FFE047 /* AppDelegate.swift */; };
		AB3E64FF261B087200FFE047 /* SceneDelegate.swift in Sources */ = {isa = PBXBuildFile; fileRef = AB3E64FE261B087200FFE047 /* SceneDelegate.swift */; };
		AB3E6501261B087200FFE047 /* LoginVC.swift in Sources */ = {isa = PBXBuildFile; fileRef = AB3E6500261B087200FFE047 /* LoginVC.swift */; };
		AB3E6504261B087200FFE047 /* Main.storyboard in Resources */ = {isa = PBXBuildFile; fileRef = AB3E6502261B087200FFE047 /* Main.storyboard */; };
		AB3E6506261B087500FFE047 /* Assets.xcassets in Resources */ = {isa = PBXBuildFile; fileRef = AB3E6505261B087500FFE047 /* Assets.xcassets */; };
		AB3E6509261B087500FFE047 /* LaunchScreen.storyboard in Resources */ = {isa = PBXBuildFile; fileRef = AB3E6507261B087500FFE047 /* LaunchScreen.storyboard */; };
		AB3E6517261B0E5C00FFE047 /* UITextField+Extension.swift in Sources */ = {isa = PBXBuildFile; fileRef = AB3E6516261B0E5C00FFE047 /* UITextField+Extension.swift */; };
		AB3E651C261B527100FFE047 /* SignUpVC.swift in Sources */ = {isa = PBXBuildFile; fileRef = AB3E651B261B527100FFE047 /* SignUpVC.swift */; };
		AB3E651F261B559F00FFE047 /* ConfirmVC.swift in Sources */ = {isa = PBXBuildFile; fileRef = AB3E651E261B559F00FFE047 /* ConfirmVC.swift */; };
		AB3E6565261F4F7E00FFE047 /* FirstVC.swift in Sources */ = {isa = PBXBuildFile; fileRef = AB3E6564261F4F7E00FFE047 /* FirstVC.swift */; };
		AB3E6568261F4F8B00FFE047 /* SecondVC.swift in Sources */ = {isa = PBXBuildFile; fileRef = AB3E6567261F4F8B00FFE047 /* SecondVC.swift */; };
		AB3E656B2620A06B00FFE047 /* NewSegue.swift in Sources */ = {isa = PBXBuildFile; fileRef = AB3E656A2620A06B00FFE047 /* NewSegue.swift */; };
		AB3E656E2620A1BF00FFE047 /* ThirdVC.swift in Sources */ = {isa = PBXBuildFile; fileRef = AB3E656D2620A1BF00FFE047 /* ThirdVC.swift */; };
		AB55FDEE2632C8BA00EE8713 /* TabBar.storyboard in Resources */ = {isa = PBXBuildFile; fileRef = AB55FDED2632C8BA00EE8713 /* TabBar.storyboard */; };
		AB55FDF12632C8FB00EE8713 /* TabBarVC.swift in Sources */ = {isa = PBXBuildFile; fileRef = AB55FDF02632C8FB00EE8713 /* TabBarVC.swift */; };
		AB55FDF52632CAEF00EE8713 /* Friend.storyboard in Resources */ = {isa = PBXBuildFile; fileRef = AB55FDF42632CAEF00EE8713 /* Friend.storyboard */; };
		AB55FDF82632CB0D00EE8713 /* FriendVC.swift in Sources */ = {isa = PBXBuildFile; fileRef = AB55FDF72632CB0D00EE8713 /* FriendVC.swift */; };
		AB55FDFC2632D01300EE8713 /* Chat.storyboard in Resources */ = {isa = PBXBuildFile; fileRef = AB55FDFB2632D01300EE8713 /* Chat.storyboard */; };
		AB55FDFF2632D02600EE8713 /* ChatVC.swift in Sources */ = {isa = PBXBuildFile; fileRef = AB55FDFE2632D02600EE8713 /* ChatVC.swift */; };
		AB55FE022632D06800EE8713 /* Entertain.storyboard in Resources */ = {isa = PBXBuildFile; fileRef = AB55FE012632D06800EE8713 /* Entertain.storyboard */; };
		AB55FE052632D07B00EE8713 /* EntertainVC.swift in Sources */ = {isa = PBXBuildFile; fileRef = AB55FE042632D07B00EE8713 /* EntertainVC.swift */; };
		AB55FE082632D09900EE8713 /* Shopping.storyboard in Resources */ = {isa = PBXBuildFile; fileRef = AB55FE072632D09900EE8713 /* Shopping.storyboard */; };
		AB55FE0B2632D0C200EE8713 /* ShoppingVC.swift in Sources */ = {isa = PBXBuildFile; fileRef = AB55FE0A2632D0C200EE8713 /* ShoppingVC.swift */; };
		AB55FE0E2632D10300EE8713 /* More.storyboard in Resources */ = {isa = PBXBuildFile; fileRef = AB55FE0D2632D10300EE8713 /* More.storyboard */; };
		AB55FE112632D10F00EE8713 /* MoreVC.swift in Sources */ = {isa = PBXBuildFile; fileRef = AB55FE102632D10F00EE8713 /* MoreVC.swift */; };
		AB55FE152632D58200EE8713 /* ProfileCell.swift in Sources */ = {isa = PBXBuildFile; fileRef = AB55FE132632D58200EE8713 /* ProfileCell.swift */; };
		AB55FE162632D58200EE8713 /* ProfileCell.xib in Resources */ = {isa = PBXBuildFile; fileRef = AB55FE142632D58200EE8713 /* ProfileCell.xib */; };
		AB55FE192632D9D600EE8713 /* ProfileDetailVC.swift in Sources */ = {isa = PBXBuildFile; fileRef = AB55FE182632D9D600EE8713 /* ProfileDetailVC.swift */; };
/* End PBXBuildFile section */

/* Begin PBXFileReference section */
		AB3E64F9261B087200FFE047 /* 28th-assignment-week01.app */ = {isa = PBXFileReference; explicitFileType = wrapper.application; includeInIndex = 0; path = "28th-assignment-week01.app"; sourceTree = BUILT_PRODUCTS_DIR; };
		AB3E64FC261B087200FFE047 /* AppDelegate.swift */ = {isa = PBXFileReference; lastKnownFileType = sourcecode.swift; path = AppDelegate.swift; sourceTree = "<group>"; };
		AB3E64FE261B087200FFE047 /* SceneDelegate.swift */ = {isa = PBXFileReference; lastKnownFileType = sourcecode.swift; path = SceneDelegate.swift; sourceTree = "<group>"; };
		AB3E6500261B087200FFE047 /* LoginVC.swift */ = {isa = PBXFileReference; lastKnownFileType = sourcecode.swift; path = LoginVC.swift; sourceTree = "<group>"; };
		AB3E6503261B087200FFE047 /* Base */ = {isa = PBXFileReference; lastKnownFileType = file.storyboard; name = Base; path = Base.lproj/Main.storyboard; sourceTree = "<group>"; };
		AB3E6505261B087500FFE047 /* Assets.xcassets */ = {isa = PBXFileReference; lastKnownFileType = folder.assetcatalog; path = Assets.xcassets; sourceTree = "<group>"; };
		AB3E6508261B087500FFE047 /* Base */ = {isa = PBXFileReference; lastKnownFileType = file.storyboard; name = Base; path = Base.lproj/LaunchScreen.storyboard; sourceTree = "<group>"; };
		AB3E650A261B087500FFE047 /* Info.plist */ = {isa = PBXFileReference; lastKnownFileType = text.plist.xml; path = Info.plist; sourceTree = "<group>"; };
		AB3E6516261B0E5C00FFE047 /* UITextField+Extension.swift */ = {isa = PBXFileReference; lastKnownFileType = sourcecode.swift; path = "UITextField+Extension.swift"; sourceTree = "<group>"; };
		AB3E651B261B527100FFE047 /* SignUpVC.swift */ = {isa = PBXFileReference; lastKnownFileType = sourcecode.swift; path = SignUpVC.swift; sourceTree = "<group>"; };
		AB3E651E261B559F00FFE047 /* ConfirmVC.swift */ = {isa = PBXFileReference; lastKnownFileType = sourcecode.swift; path = ConfirmVC.swift; sourceTree = "<group>"; };
		AB3E6564261F4F7E00FFE047 /* FirstVC.swift */ = {isa = PBXFileReference; lastKnownFileType = sourcecode.swift; path = FirstVC.swift; sourceTree = "<group>"; };
		AB3E6567261F4F8B00FFE047 /* SecondVC.swift */ = {isa = PBXFileReference; lastKnownFileType = sourcecode.swift; path = SecondVC.swift; sourceTree = "<group>"; };
		AB3E656A2620A06B00FFE047 /* NewSegue.swift */ = {isa = PBXFileReference; lastKnownFileType = sourcecode.swift; path = NewSegue.swift; sourceTree = "<group>"; };
		AB3E656D2620A1BF00FFE047 /* ThirdVC.swift */ = {isa = PBXFileReference; lastKnownFileType = sourcecode.swift; path = ThirdVC.swift; sourceTree = "<group>"; };
		AB55FDED2632C8BA00EE8713 /* TabBar.storyboard */ = {isa = PBXFileReference; lastKnownFileType = file.storyboard; path = TabBar.storyboard; sourceTree = "<group>"; };
		AB55FDF02632C8FB00EE8713 /* TabBarVC.swift */ = {isa = PBXFileReference; lastKnownFileType = sourcecode.swift; path = TabBarVC.swift; sourceTree = "<group>"; };
		AB55FDF42632CAEF00EE8713 /* Friend.storyboard */ = {isa = PBXFileReference; lastKnownFileType = file.storyboard; path = Friend.storyboard; sourceTree = "<group>"; };
		AB55FDF72632CB0D00EE8713 /* FriendVC.swift */ = {isa = PBXFileReference; lastKnownFileType = sourcecode.swift; path = FriendVC.swift; sourceTree = "<group>"; };
		AB55FDFB2632D01300EE8713 /* Chat.storyboard */ = {isa = PBXFileReference; lastKnownFileType = file.storyboard; path = Chat.storyboard; sourceTree = "<group>"; };
		AB55FDFE2632D02600EE8713 /* ChatVC.swift */ = {isa = PBXFileReference; lastKnownFileType = sourcecode.swift; path = ChatVC.swift; sourceTree = "<group>"; };
		AB55FE012632D06800EE8713 /* Entertain.storyboard */ = {isa = PBXFileReference; lastKnownFileType = file.storyboard; path = Entertain.storyboard; sourceTree = "<group>"; };
		AB55FE042632D07B00EE8713 /* EntertainVC.swift */ = {isa = PBXFileReference; lastKnownFileType = sourcecode.swift; path = EntertainVC.swift; sourceTree = "<group>"; };
		AB55FE072632D09900EE8713 /* Shopping.storyboard */ = {isa = PBXFileReference; lastKnownFileType = file.storyboard; path = Shopping.storyboard; sourceTree = "<group>"; };
		AB55FE0A2632D0C200EE8713 /* ShoppingVC.swift */ = {isa = PBXFileReference; lastKnownFileType = sourcecode.swift; path = ShoppingVC.swift; sourceTree = "<group>"; };
		AB55FE0D2632D10300EE8713 /* More.storyboard */ = {isa = PBXFileReference; lastKnownFileType = file.storyboard; path = More.storyboard; sourceTree = "<group>"; };
		AB55FE102632D10F00EE8713 /* MoreVC.swift */ = {isa = PBXFileReference; lastKnownFileType = sourcecode.swift; path = MoreVC.swift; sourceTree = "<group>"; };
		AB55FE132632D58200EE8713 /* ProfileCell.swift */ = {isa = PBXFileReference; lastKnownFileType = sourcecode.swift; path = ProfileCell.swift; sourceTree = "<group>"; };
		AB55FE142632D58200EE8713 /* ProfileCell.xib */ = {isa = PBXFileReference; lastKnownFileType = file.xib; path = ProfileCell.xib; sourceTree = "<group>"; };
		AB55FE182632D9D600EE8713 /* ProfileDetailVC.swift */ = {isa = PBXFileReference; lastKnownFileType = sourcecode.swift; path = ProfileDetailVC.swift; sourceTree = "<group>"; };
/* End PBXFileReference section */

/* Begin PBXFrameworksBuildPhase section */
		AB3E64F6261B087200FFE047 /* Frameworks */ = {
			isa = PBXFrameworksBuildPhase;
			buildActionMask = 2147483647;
			files = (
			);
			runOnlyForDeploymentPostprocessing = 0;
		};
/* End PBXFrameworksBuildPhase section */

/* Begin PBXGroup section */
		AB3E64F0261B087200FFE047 = {
			isa = PBXGroup;
			children = (
				AB3E64FB261B087200FFE047 /* 28th-assignment-week01 */,
				AB3E64FA261B087200FFE047 /* Products */,
			);
			sourceTree = "<group>";
		};
		AB3E64FA261B087200FFE047 /* Products */ = {
			isa = PBXGroup;
			children = (
				AB3E64F9261B087200FFE047 /* 28th-assignment-week01.app */,
			);
			name = Products;
			sourceTree = "<group>";
		};
		AB3E64FB261B087200FFE047 /* 28th-assignment-week01 */ = {
			isa = PBXGroup;
			children = (
				AB3E64FC261B087200FFE047 /* AppDelegate.swift */,
				AB3E64FE261B087200FFE047 /* SceneDelegate.swift */,
				AB3E6500261B087200FFE047 /* LoginVC.swift */,
				AB3E6502261B087200FFE047 /* Main.storyboard */,
				AB3E6505261B087500FFE047 /* Assets.xcassets */,
				AB3E6507261B087500FFE047 /* LaunchScreen.storyboard */,
				AB3E650A261B087500FFE047 /* Info.plist */,
				AB3E6516261B0E5C00FFE047 /* UITextField+Extension.swift */,
				AB3E651B261B527100FFE047 /* SignUpVC.swift */,
				AB3E651E261B559F00FFE047 /* ConfirmVC.swift */,
				AB3E6564261F4F7E00FFE047 /* FirstVC.swift */,
				AB3E6567261F4F8B00FFE047 /* SecondVC.swift */,
				AB3E656A2620A06B00FFE047 /* NewSegue.swift */,
				AB55FE102632D10F00EE8713 /* MoreVC.swift */,
				AB3E656D2620A1BF00FFE047 /* ThirdVC.swift */,
				AB55FDED2632C8BA00EE8713 /* TabBar.storyboard */,
				AB55FDF02632C8FB00EE8713 /* TabBarVC.swift */,
				AB55FDF42632CAEF00EE8713 /* Friend.storyboard */,
				AB55FDF72632CB0D00EE8713 /* FriendVC.swift */,
				AB55FDFB2632D01300EE8713 /* Chat.storyboard */,
				AB55FDFE2632D02600EE8713 /* ChatVC.swift */,
				AB55FE012632D06800EE8713 /* Entertain.storyboard */,
				AB55FE042632D07B00EE8713 /* EntertainVC.swift */,
				AB55FE072632D09900EE8713 /* Shopping.storyboard */,
				AB55FE0A2632D0C200EE8713 /* ShoppingVC.swift */,
				AB55FE0D2632D10300EE8713 /* More.storyboard */,
				AB55FE132632D58200EE8713 /* ProfileCell.swift */,
				AB55FE142632D58200EE8713 /* ProfileCell.xib */,
				AB55FE182632D9D600EE8713 /* ProfileDetailVC.swift */,
			);
			path = "28th-assignment-week01";
			sourceTree = "<group>";
		};
/* End PBXGroup section */

/* Begin PBXNativeTarget section */
		AB3E64F8261B087200FFE047 /* 28th-assignment-week01 */ = {
			isa = PBXNativeTarget;
			buildConfigurationList = AB3E650D261B087500FFE047 /* Build configuration list for PBXNativeTarget "28th-assignment-week01" */;
			buildPhases = (
				AB3E64F5261B087200FFE047 /* Sources */,
				AB3E64F6261B087200FFE047 /* Frameworks */,
				AB3E64F7261B087200FFE047 /* Resources */,
			);
			buildRules = (
			);
			dependencies = (
			);
			name = "28th-assignment-week01";
			productName = "28th-assignment-week01";
			productReference = AB3E64F9261B087200FFE047 /* 28th-assignment-week01.app */;
			productType = "com.apple.product-type.application";
		};
/* End PBXNativeTarget section */

/* Begin PBXProject section */
		AB3E64F1261B087200FFE047 /* Project object */ = {
			isa = PBXProject;
			attributes = {
				LastSwiftUpdateCheck = 1240;
				LastUpgradeCheck = 1240;
				TargetAttributes = {
					AB3E64F8261B087200FFE047 = {
						CreatedOnToolsVersion = 12.4;
					};
				};
			};
			buildConfigurationList = AB3E64F4261B087200FFE047 /* Build configuration list for PBXProject "28th-assignment-week01" */;
			compatibilityVersion = "Xcode 9.3";
			developmentRegion = en;
			hasScannedForEncodings = 0;
			knownRegions = (
				en,
				Base,
			);
			mainGroup = AB3E64F0261B087200FFE047;
			productRefGroup = AB3E64FA261B087200FFE047 /* Products */;
			projectDirPath = "";
			projectRoot = "";
			targets = (
				AB3E64F8261B087200FFE047 /* 28th-assignment-week01 */,
			);
		};
/* End PBXProject section */

/* Begin PBXResourcesBuildPhase section */
		AB3E64F7261B087200FFE047 /* Resources */ = {
			isa = PBXResourcesBuildPhase;
			buildActionMask = 2147483647;
			files = (
				AB55FDFC2632D01300EE8713 /* Chat.storyboard in Resources */,
				AB55FE0E2632D10300EE8713 /* More.storyboard in Resources */,
				AB55FDEE2632C8BA00EE8713 /* TabBar.storyboard in Resources */,
				AB55FE082632D09900EE8713 /* Shopping.storyboard in Resources */,
				AB3E6509261B087500FFE047 /* LaunchScreen.storyboard in Resources */,
				AB3E6506261B087500FFE047 /* Assets.xcassets in Resources */,
				AB55FE022632D06800EE8713 /* Entertain.storyboard in Resources */,
				AB55FDF52632CAEF00EE8713 /* Friend.storyboard in Resources */,
				AB3E6504261B087200FFE047 /* Main.storyboard in Resources */,
				AB55FE162632D58200EE8713 /* ProfileCell.xib in Resources */,
			);
			runOnlyForDeploymentPostprocessing = 0;
		};
/* End PBXResourcesBuildPhase section */

/* Begin PBXSourcesBuildPhase section */
		AB3E64F5261B087200FFE047 /* Sources */ = {
			isa = PBXSourcesBuildPhase;
			buildActionMask = 2147483647;
			files = (
				AB55FE152632D58200EE8713 /* ProfileCell.swift in Sources */,
				AB3E6501261B087200FFE047 /* LoginVC.swift in Sources */,
				AB3E6517261B0E5C00FFE047 /* UITextField+Extension.swift in Sources */,
				AB55FE192632D9D600EE8713 /* ProfileDetailVC.swift in Sources */,
				AB3E64FD261B087200FFE047 /* AppDelegate.swift in Sources */,
				AB55FE112632D10F00EE8713 /* MoreVC.swift in Sources */,
				AB3E6565261F4F7E00FFE047 /* FirstVC.swift in Sources */,
				AB3E656E2620A1BF00FFE047 /* ThirdVC.swift in Sources */,
				AB55FE052632D07B00EE8713 /* EntertainVC.swift in Sources */,
				AB55FE0B2632D0C200EE8713 /* ShoppingVC.swift in Sources */,
				AB3E651F261B559F00FFE047 /* ConfirmVC.swift in Sources */,
				AB3E651C261B527100FFE047 /* SignUpVC.swift in Sources */,
				AB3E656B2620A06B00FFE047 /* NewSegue.swift in Sources */,
				AB55FDF12632C8FB00EE8713 /* TabBarVC.swift in Sources */,
				AB3E6568261F4F8B00FFE047 /* SecondVC.swift in Sources */,
				AB55FDF82632CB0D00EE8713 /* FriendVC.swift in Sources */,
				AB55FDFF2632D02600EE8713 /* ChatVC.swift in Sources */,
				AB3E64FF261B087200FFE047 /* SceneDelegate.swift in Sources */,
			);
			runOnlyForDeploymentPostprocessing = 0;
		};
/* End PBXSourcesBuildPhase section */

/* Begin PBXVariantGroup section */
		AB3E6502261B087200FFE047 /* Main.storyboard */ = {
			isa = PBXVariantGroup;
			children = (
				AB3E6503261B087200FFE047 /* Base */,
			);
			name = Main.storyboard;
			sourceTree = "<group>";
		};
		AB3E6507261B087500FFE047 /* LaunchScreen.storyboard */ = {
			isa = PBXVariantGroup;
			children = (
				AB3E6508261B087500FFE047 /* Base */,
			);
			name = LaunchScreen.storyboard;
			sourceTree = "<group>";
		};
/* End PBXVariantGroup section */

/* Begin XCBuildConfiguration section */
		AB3E650B261B087500FFE047 /* Debug */ = {
			isa = XCBuildConfiguration;
			buildSettings = {
				ALWAYS_SEARCH_USER_PATHS = NO;
				CLANG_ANALYZER_NONNULL = YES;
				CLANG_ANALYZER_NUMBER_OBJECT_CONVERSION = YES_AGGRESSIVE;
				CLANG_CXX_LANGUAGE_STANDARD = "gnu++14";
				CLANG_CXX_LIBRARY = "libc++";
				CLANG_ENABLE_MODULES = YES;
				CLANG_ENABLE_OBJC_ARC = YES;
				CLANG_ENABLE_OBJC_WEAK = YES;
				CLANG_WARN_BLOCK_CAPTURE_AUTORELEASING = YES;
				CLANG_WARN_BOOL_CONVERSION = YES;
				CLANG_WARN_COMMA = YES;
				CLANG_WARN_CONSTANT_CONVERSION = YES;
				CLANG_WARN_DEPRECATED_OBJC_IMPLEMENTATIONS = YES;
				CLANG_WARN_DIRECT_OBJC_ISA_USAGE = YES_ERROR;
				CLANG_WARN_DOCUMENTATION_COMMENTS = YES;
				CLANG_WARN_EMPTY_BODY = YES;
				CLANG_WARN_ENUM_CONVERSION = YES;
				CLANG_WARN_INFINITE_RECURSION = YES;
				CLANG_WARN_INT_CONVERSION = YES;
				CLANG_WARN_NON_LITERAL_NULL_CONVERSION = YES;
				CLANG_WARN_OBJC_IMPLICIT_RETAIN_SELF = YES;
				CLANG_WARN_OBJC_LITERAL_CONVERSION = YES;
				CLANG_WARN_OBJC_ROOT_CLASS = YES_ERROR;
				CLANG_WARN_QUOTED_INCLUDE_IN_FRAMEWORK_HEADER = YES;
				CLANG_WARN_RANGE_LOOP_ANALYSIS = YES;
				CLANG_WARN_STRICT_PROTOTYPES = YES;
				CLANG_WARN_SUSPICIOUS_MOVE = YES;
				CLANG_WARN_UNGUARDED_AVAILABILITY = YES_AGGRESSIVE;
				CLANG_WARN_UNREACHABLE_CODE = YES;
				CLANG_WARN__DUPLICATE_METHOD_MATCH = YES;
				COPY_PHASE_STRIP = NO;
				DEBUG_INFORMATION_FORMAT = dwarf;
				ENABLE_STRICT_OBJC_MSGSEND = YES;
				ENABLE_TESTABILITY = YES;
				GCC_C_LANGUAGE_STANDARD = gnu11;
				GCC_DYNAMIC_NO_PIC = NO;
				GCC_NO_COMMON_BLOCKS = YES;
				GCC_OPTIMIZATION_LEVEL = 0;
				GCC_PREPROCESSOR_DEFINITIONS = (
					"DEBUG=1",
					"$(inherited)",
				);
				GCC_WARN_64_TO_32_BIT_CONVERSION = YES;
				GCC_WARN_ABOUT_RETURN_TYPE = YES_ERROR;
				GCC_WARN_UNDECLARED_SELECTOR = YES;
				GCC_WARN_UNINITIALIZED_AUTOS = YES_AGGRESSIVE;
				GCC_WARN_UNUSED_FUNCTION = YES;
				GCC_WARN_UNUSED_VARIABLE = YES;
				IPHONEOS_DEPLOYMENT_TARGET = 14.4;
				MTL_ENABLE_DEBUG_INFO = INCLUDE_SOURCE;
				MTL_FAST_MATH = YES;
				ONLY_ACTIVE_ARCH = YES;
				SDKROOT = iphoneos;
				SWIFT_ACTIVE_COMPILATION_CONDITIONS = DEBUG;
				SWIFT_OPTIMIZATION_LEVEL = "-Onone";
			};
			name = Debug;
		};
		AB3E650C261B087500FFE047 /* Release */ = {
			isa = XCBuildConfiguration;
			buildSettings = {
				ALWAYS_SEARCH_USER_PATHS = NO;
				CLANG_ANALYZER_NONNULL = YES;
				CLANG_ANALYZER_NUMBER_OBJECT_CONVERSION = YES_AGGRESSIVE;
				CLANG_CXX_LANGUAGE_STANDARD = "gnu++14";
				CLANG_CXX_LIBRARY = "libc++";
				CLANG_ENABLE_MODULES = YES;
				CLANG_ENABLE_OBJC_ARC = YES;
				CLANG_ENABLE_OBJC_WEAK = YES;
				CLANG_WARN_BLOCK_CAPTURE_AUTORELEASING = YES;
				CLANG_WARN_BOOL_CONVERSION = YES;
				CLANG_WARN_COMMA = YES;
				CLANG_WARN_CONSTANT_CONVERSION = YES;
				CLANG_WARN_DEPRECATED_OBJC_IMPLEMENTATIONS = YES;
				CLANG_WARN_DIRECT_OBJC_ISA_USAGE = YES_ERROR;
				CLANG_WARN_DOCUMENTATION_COMMENTS = YES;
				CLANG_WARN_EMPTY_BODY = YES;
				CLANG_WARN_ENUM_CONVERSION = YES;
				CLANG_WARN_INFINITE_RECURSION = YES;
				CLANG_WARN_INT_CONVERSION = YES;
				CLANG_WARN_NON_LITERAL_NULL_CONVERSION = YES;
				CLANG_WARN_OBJC_IMPLICIT_RETAIN_SELF = YES;
				CLANG_WARN_OBJC_LITERAL_CONVERSION = YES;
				CLANG_WARN_OBJC_ROOT_CLASS = YES_ERROR;
				CLANG_WARN_QUOTED_INCLUDE_IN_FRAMEWORK_HEADER = YES;
				CLANG_WARN_RANGE_LOOP_ANALYSIS = YES;
				CLANG_WARN_STRICT_PROTOTYPES = YES;
				CLANG_WARN_SUSPICIOUS_MOVE = YES;
				CLANG_WARN_UNGUARDED_AVAILABILITY = YES_AGGRESSIVE;
				CLANG_WARN_UNREACHABLE_CODE = YES;
				CLANG_WARN__DUPLICATE_METHOD_MATCH = YES;
				COPY_PHASE_STRIP = NO;
				DEBUG_INFORMATION_FORMAT = "dwarf-with-dsym";
				ENABLE_NS_ASSERTIONS = NO;
				ENABLE_STRICT_OBJC_MSGSEND = YES;
				GCC_C_LANGUAGE_STANDARD = gnu11;
				GCC_NO_COMMON_BLOCKS = YES;
				GCC_WARN_64_TO_32_BIT_CONVERSION = YES;
				GCC_WARN_ABOUT_RETURN_TYPE = YES_ERROR;
				GCC_WARN_UNDECLARED_SELECTOR = YES;
				GCC_WARN_UNINITIALIZED_AUTOS = YES_AGGRESSIVE;
				GCC_WARN_UNUSED_FUNCTION = YES;
				GCC_WARN_UNUSED_VARIABLE = YES;
				IPHONEOS_DEPLOYMENT_TARGET = 14.4;
				MTL_ENABLE_DEBUG_INFO = NO;
				MTL_FAST_MATH = YES;
				SDKROOT = iphoneos;
				SWIFT_COMPILATION_MODE = wholemodule;
				SWIFT_OPTIMIZATION_LEVEL = "-O";
				VALIDATE_PRODUCT = YES;
			};
			name = Release;
		};
		AB3E650E261B087500FFE047 /* Debug */ = {
			isa = XCBuildConfiguration;
			buildSettings = {
				ASSETCATALOG_COMPILER_APPICON_NAME = AppIcon;
				ASSETCATALOG_COMPILER_GLOBAL_ACCENT_COLOR_NAME = AccentColor;
				CODE_SIGN_STYLE = Automatic;
				DEVELOPMENT_TEAM = G7SD8523Y3;
				INFOPLIST_FILE = "28th-assignment-week01/Info.plist";
				LD_RUNPATH_SEARCH_PATHS = (
					"$(inherited)",
					"@executable_path/Frameworks",
				);
				PRODUCT_BUNDLE_IDENTIFIER = "inaelee.-8th-assignment-week01";
				PRODUCT_NAME = "$(TARGET_NAME)";
				SWIFT_VERSION = 5.0;
				TARGETED_DEVICE_FAMILY = "1,2";
			};
			name = Debug;
		};
		AB3E650F261B087500FFE047 /* Release */ = {
			isa = XCBuildConfiguration;
			buildSettings = {
				ASSETCATALOG_COMPILER_APPICON_NAME = AppIcon;
				ASSETCATALOG_COMPILER_GLOBAL_ACCENT_COLOR_NAME = AccentColor;
				CODE_SIGN_STYLE = Automatic;
				DEVELOPMENT_TEAM = G7SD8523Y3;
				INFOPLIST_FILE = "28th-assignment-week01/Info.plist";
				LD_RUNPATH_SEARCH_PATHS = (
					"$(inherited)",
					"@executable_path/Frameworks",
				);
				PRODUCT_BUNDLE_IDENTIFIER = "inaelee.-8th-assignment-week01";
				PRODUCT_NAME = "$(TARGET_NAME)";
				SWIFT_VERSION = 5.0;
				TARGETED_DEVICE_FAMILY = "1,2";
			};
			name = Release;
		};
/* End XCBuildConfiguration section */

/* Begin XCConfigurationList section */
		AB3E64F4261B087200FFE047 /* Build configuration list for PBXProject "28th-assignment-week01" */ = {
			isa = XCConfigurationList;
			buildConfigurations = (
				AB3E650B261B087500FFE047 /* Debug */,
				AB3E650C261B087500FFE047 /* Release */,
			);
			defaultConfigurationIsVisible = 0;
			defaultConfigurationName = Release;
		};
		AB3E650D261B087500FFE047 /* Build configuration list for PBXNativeTarget "28th-assignment-week01" */ = {
			isa = XCConfigurationList;
			buildConfigurations = (
				AB3E650E261B087500FFE047 /* Debug */,
				AB3E650F261B087500FFE047 /* Release */,
			);
			defaultConfigurationIsVisible = 0;
			defaultConfigurationName = Release;
		};
/* End XCConfigurationList section */
	};
	rootObject = AB3E64F1261B087200FFE047 /* Project object */;
}
